{
  "name": "@cypsela/sailplane-node",
  "version": "1.0.0",
  "lockfileVersion": 1,
  "requires": true,
  "dependencies": {
    "@tabcat/orbit-db-fsstore": {
      "version": "1.0.0",
      "resolved": "https://registry.npmjs.org/@tabcat/orbit-db-fsstore/-/orbit-db-fsstore-1.0.0.tgz",
      "integrity": "sha512-gu/vO+xjPmOTzskp3cPSxxyUWoOJl/vJ70br7QkE0ZZ2ovOH5EEezAR4FUVi51B5QS0BAIgeK96H9MGnD/u99A==",
      "requires": {
        "orbit-db-store": "^3.2.0"
      }
    },
    "abstract-leveldown": {
      "version": "6.0.3",
      "resolved": "https://registry.npmjs.org/abstract-leveldown/-/abstract-leveldown-6.0.3.tgz",
      "integrity": "sha512-jzewKKpZbaYUa6HTThnrl+GrJhzjEAeuc7hTVpZdzg7kupXZFoqQDFwyOwLNbmJKJlmzw8yiipMPkDiuKkT06Q==",
      "requires": {
        "level-concat-iterator": "~2.0.0",
        "xtend": "~4.0.0"
      }
    },
    "aes-js": {
      "version": "3.0.0",
      "resolved": "https://registry.npmjs.org/aes-js/-/aes-js-3.0.0.tgz",
      "integrity": "sha1-4h3xCtbCBTKVvLuNq0Cwnb6ofk0="
    },
    "aggregate-error": {
      "version": "3.0.1",
      "resolved": "https://registry.npmjs.org/aggregate-error/-/aggregate-error-3.0.1.tgz",
      "integrity": "sha512-quoaXsZ9/BLNae5yiNoUz+Nhkwz83GhWwtYFglcjEQB2NDHCIpApbqXxIFnm4Pq/Nvhrsq5sYJFyohrrxnTGAA==",
      "requires": {
        "clean-stack": "^2.0.0",
        "indent-string": "^4.0.0"
      }
    },
    "asmcrypto.js": {
      "version": "2.3.2",
      "resolved": "https://registry.npmjs.org/asmcrypto.js/-/asmcrypto.js-2.3.2.tgz",
      "integrity": "sha512-3FgFARf7RupsZETQ1nHnhLUUvpcttcCq1iZCaVAbJZbCZ5VNRrNyvpDyHTOb0KC3llFcsyOT/a99NZcCbeiEsA=="
    },
    "asn1.js": {
      "version": "5.3.0",
      "resolved": "https://registry.npmjs.org/asn1.js/-/asn1.js-5.3.0.tgz",
      "integrity": "sha512-WHnQJFcOrIWT1RLOkFFBQkFVvyt9BPOOrH+Dp152Zk4R993rSzXUGPmkybIcUFhHE2d/iHH+nCaOWVCDbO8fgA==",
      "requires": {
        "bn.js": "^4.0.0",
        "inherits": "^2.0.1",
        "minimalistic-assert": "^1.0.0",
        "safer-buffer": "^2.1.0"
      }
    },
    "async": {
      "version": "2.6.3",
      "resolved": "https://registry.npmjs.org/async/-/async-2.6.3.tgz",
      "integrity": "sha512-zflvls11DCy+dQWzTW2dzuilv8Z5X/pjfmZOWba6TNIVDm+2UDaJmXSOXlasHKfNBs8oo3M0aT50fDEWfKZjXg==",
      "requires": {
        "lodash": "^4.17.14"
      }
    },
    "base-x": {
      "version": "3.0.8",
      "resolved": "https://registry.npmjs.org/base-x/-/base-x-3.0.8.tgz",
      "integrity": "sha512-Rl/1AWP4J/zRrk54hhlxH4drNxPJXYUaKffODVI53/dAsV4t9fBxyxYKAVPU1XBHxYwOWP9h9H0hM2MVw4YfJA==",
      "requires": {
        "safe-buffer": "^5.0.1"
      }
    },
    "base64-js": {
      "version": "1.3.1",
      "resolved": "https://registry.npmjs.org/base64-js/-/base64-js-1.3.1.tgz",
      "integrity": "sha512-mLQ4i2QO1ytvGWFWmcngKO//JXAQueZvwEKtjgQFM4jIK0kU+ytMfplL8j+n5mspOfjHwoAg+9yhb7BwAHm36g=="
    },
    "bindings": {
      "version": "1.5.0",
      "resolved": "https://registry.npmjs.org/bindings/-/bindings-1.5.0.tgz",
      "integrity": "sha512-p2q/t/mhvuOj/UeLlV6566GD/guowlr0hHxClI0W9m7MWYkL1F0hLo+0Aexs9HSPCtR1SXQ0TD3MMKrXZajbiQ==",
      "requires": {
        "file-uri-to-path": "1.0.0"
      }
    },
    "bip66": {
      "version": "1.1.5",
      "resolved": "https://registry.npmjs.org/bip66/-/bip66-1.1.5.tgz",
      "integrity": "sha1-AfqHSHhcpwlV1QESF9GzE5lpyiI=",
      "requires": {
        "safe-buffer": "^5.0.1"
      }
    },
    "blakejs": {
      "version": "1.1.0",
      "resolved": "https://registry.npmjs.org/blakejs/-/blakejs-1.1.0.tgz",
      "integrity": "sha1-ad+S75U6qIylGjLfarHFShVfx6U="
    },
    "bn.js": {
      "version": "4.11.9",
      "resolved": "https://registry.npmjs.org/bn.js/-/bn.js-4.11.9.tgz",
      "integrity": "sha512-E6QoYqCKZfgatHTdHzs1RRKP7ip4vvm+EyRUeE2RF0NblwVvb0p6jSVeNTOFxPn26QXN2o6SMfNxKp6kU8zQaw=="
    },
    "brorand": {
      "version": "1.1.0",
      "resolved": "https://registry.npmjs.org/brorand/-/brorand-1.1.0.tgz",
      "integrity": "sha1-EsJe/kCkXjwyPrhnWgoM5XsiNx8="
    },
    "browserify-aes": {
      "version": "1.2.0",
      "resolved": "https://registry.npmjs.org/browserify-aes/-/browserify-aes-1.2.0.tgz",
      "integrity": "sha512-+7CHXqGuspUn/Sl5aO7Ea0xWGAtETPXNSAjHo48JfLdPWcMng33Xe4znFvQweqc/uzk5zSOI3H52CYnjCfb5hA==",
      "requires": {
        "buffer-xor": "^1.0.3",
        "cipher-base": "^1.0.0",
        "create-hash": "^1.1.0",
        "evp_bytestokey": "^1.0.3",
        "inherits": "^2.0.1",
        "safe-buffer": "^5.0.1"
      }
    },
    "bs58": {
      "version": "4.0.1",
      "resolved": "https://registry.npmjs.org/bs58/-/bs58-4.0.1.tgz",
      "integrity": "sha1-vhYedsNU9veIrkBx9j806MTwpCo=",
      "requires": {
        "base-x": "^3.0.2"
      }
    },
    "buffer": {
      "version": "5.6.0",
      "resolved": "https://registry.npmjs.org/buffer/-/buffer-5.6.0.tgz",
      "integrity": "sha512-/gDYp/UtU0eA1ys8bOs9J6a+E/KWIY+DZ+Q2WESNUA0jFRsJOc0SNUO6xJ5SGA1xueg3NL65W6s+NY5l9cunuw==",
      "requires": {
        "base64-js": "^1.0.2",
        "ieee754": "^1.1.4"
      }
    },
    "buffer-xor": {
      "version": "1.0.3",
      "resolved": "https://registry.npmjs.org/buffer-xor/-/buffer-xor-1.0.3.tgz",
      "integrity": "sha1-JuYe0UIvtw3ULm42cp7VHYVf6Nk="
    },
    "cids": {
      "version": "0.7.5",
      "resolved": "https://registry.npmjs.org/cids/-/cids-0.7.5.tgz",
      "integrity": "sha512-zT7mPeghoWAu+ppn8+BS1tQ5qGmbMfB4AregnQjA/qHY3GC1m1ptI9GkWNlgeu38r7CuRdXB47uY2XgAYt6QVA==",
      "requires": {
        "buffer": "^5.5.0",
        "class-is": "^1.1.0",
        "multibase": "~0.6.0",
        "multicodec": "^1.0.0",
        "multihashes": "~0.4.15"
      },
      "dependencies": {
        "multibase": {
          "version": "0.6.1",
          "resolved": "https://registry.npmjs.org/multibase/-/multibase-0.6.1.tgz",
          "integrity": "sha512-pFfAwyTjbbQgNc3G7D48JkJxWtoJoBMaR4xQUOuB8RnCgRqaYmWNFeJTTvrJ2w51bjLq2zTby6Rqj9TQ9elSUw==",
          "requires": {
            "base-x": "^3.0.8",
            "buffer": "^5.5.0"
          }
        }
      }
    },
    "cipher-base": {
      "version": "1.0.4",
      "resolved": "https://registry.npmjs.org/cipher-base/-/cipher-base-1.0.4.tgz",
      "integrity": "sha512-Kkht5ye6ZGmwv40uUDZztayT2ThLQGfnj/T71N/XzeZeo3nf8foyW7zGTsPYkEya3m5f3cAypH+qe7YOrM1U2Q==",
      "requires": {
        "inherits": "^2.0.1",
        "safe-buffer": "^5.0.1"
      }
    },
    "class-is": {
      "version": "1.1.0",
      "resolved": "https://registry.npmjs.org/class-is/-/class-is-1.1.0.tgz",
      "integrity": "sha512-rhjH9AG1fvabIDoGRVH587413LPjTZgmDF9fOFCbFJQV4yuocX1mHxxvXI4g3cGwbVY9wAYIoKlg1N79frJKQw=="
    },
    "clean-stack": {
      "version": "2.2.0",
      "resolved": "https://registry.npmjs.org/clean-stack/-/clean-stack-2.2.0.tgz",
      "integrity": "sha512-4diC9HaTE+KRAMWhDhrGOECgWZxoevMc5TlkObMqNSsVU62PYzXZ/SMTjzyGAFF1YusgxGcSWTEXBhp0CPwQ1A=="
    },
    "core-util-is": {
      "version": "1.0.2",
      "resolved": "https://registry.npmjs.org/core-util-is/-/core-util-is-1.0.2.tgz",
      "integrity": "sha1-tf1UIgqivFq1eqtxQMlAdUUDwac="
    },
    "create-hash": {
      "version": "1.2.0",
      "resolved": "https://registry.npmjs.org/create-hash/-/create-hash-1.2.0.tgz",
      "integrity": "sha512-z00bCGNHDG8mHAkP7CtT1qVu+bFQUPjYq/4Iv3C3kWjTFV10zIjfSoeqXo9Asws8gwSHDGj/hl2u4OGIjapeCg==",
      "requires": {
        "cipher-base": "^1.0.1",
        "inherits": "^2.0.1",
        "md5.js": "^1.3.4",
        "ripemd160": "^2.0.1",
        "sha.js": "^2.4.0"
      }
    },
    "create-hmac": {
      "version": "1.1.7",
      "resolved": "https://registry.npmjs.org/create-hmac/-/create-hmac-1.1.7.tgz",
      "integrity": "sha512-MJG9liiZ+ogc4TzUwuvbER1JRdgvUFSB5+VR/g5h82fGaIRWMWddtKBHi7/sVhfjQZ6SehlyhvQYrcYkaUIpLg==",
      "requires": {
        "cipher-base": "^1.0.3",
        "create-hash": "^1.1.0",
        "inherits": "^2.0.1",
        "ripemd160": "^2.0.0",
        "safe-buffer": "^5.0.1",
        "sha.js": "^2.4.8"
      }
    },
    "deferred-leveldown": {
      "version": "5.3.0",
      "resolved": "https://registry.npmjs.org/deferred-leveldown/-/deferred-leveldown-5.3.0.tgz",
      "integrity": "sha512-a59VOT+oDy7vtAbLRCZwWgxu2BaCfd5Hk7wxJd48ei7I+nsg8Orlb9CLG0PMZienk9BSUKgeAqkO2+Lw+1+Ukw==",
      "requires": {
        "abstract-leveldown": "~6.2.1",
        "inherits": "^2.0.3"
      },
      "dependencies": {
        "abstract-leveldown": {
          "version": "6.2.3",
          "resolved": "https://registry.npmjs.org/abstract-leveldown/-/abstract-leveldown-6.2.3.tgz",
          "integrity": "sha512-BsLm5vFMRUrrLeCcRc+G0t2qOaTzpoJQLOubq2XM72eNpjF5UdU5o/5NvlNhx95XHcAvcl8OMXr4mlg/fRgUXQ==",
          "requires": {
            "buffer": "^5.5.0",
            "immediate": "^3.2.3",
            "level-concat-iterator": "~2.0.0",
            "level-supports": "~1.0.0",
            "xtend": "~4.0.0"
          }
        }
      }
    },
    "drbg.js": {
      "version": "1.0.1",
      "resolved": "https://registry.npmjs.org/drbg.js/-/drbg.js-1.0.1.tgz",
      "integrity": "sha1-Pja2xCs3BDgjzbwzLVjzHiRFSAs=",
      "requires": {
        "browserify-aes": "^1.0.6",
        "create-hash": "^1.1.2",
        "create-hmac": "^1.1.4"
      }
    },
    "elliptic": {
      "version": "6.5.2",
      "resolved": "https://registry.npmjs.org/elliptic/-/elliptic-6.5.2.tgz",
      "integrity": "sha512-f4x70okzZbIQl/NSRLkI/+tteV/9WqL98zx+SQ69KbXxmVrmjwsNUPn/gYJJ0sHvEak24cZgHIPegRePAtA/xw==",
      "requires": {
        "bn.js": "^4.4.0",
        "brorand": "^1.0.1",
        "hash.js": "^1.0.0",
        "hmac-drbg": "^1.0.0",
        "inherits": "^2.0.1",
        "minimalistic-assert": "^1.0.0",
        "minimalistic-crypto-utils": "^1.0.0"
      }
    },
    "encoding-down": {
      "version": "6.3.0",
      "resolved": "https://registry.npmjs.org/encoding-down/-/encoding-down-6.3.0.tgz",
      "integrity": "sha512-QKrV0iKR6MZVJV08QY0wp1e7vF6QbhnbQhb07bwpEyuz4uZiZgPlEGdkCROuFkUwdxlFaiPIhjyarH1ee/3vhw==",
      "requires": {
        "abstract-leveldown": "^6.2.1",
        "inherits": "^2.0.3",
        "level-codec": "^9.0.0",
        "level-errors": "^2.0.0"
      },
      "dependencies": {
        "abstract-leveldown": {
          "version": "6.3.0",
          "resolved": "https://registry.npmjs.org/abstract-leveldown/-/abstract-leveldown-6.3.0.tgz",
          "integrity": "sha512-TU5nlYgta8YrBMNpc9FwQzRbiXsj49gsALsXadbGHt9CROPzX5fB0rWDR5mtdpOOKa5XqRFpbj1QroPAoPzVjQ==",
          "requires": {
            "buffer": "^5.5.0",
            "immediate": "^3.2.3",
            "level-concat-iterator": "~2.0.0",
            "level-supports": "~1.0.0",
            "xtend": "~4.0.0"
          }
        }
      }
    },
    "err-code": {
      "version": "1.1.2",
      "resolved": "https://registry.npmjs.org/err-code/-/err-code-1.1.2.tgz",
      "integrity": "sha1-BuARbTAo9q70gGhJ6w6mp0iuaWA="
    },
    "errno": {
      "version": "0.1.7",
      "resolved": "https://registry.npmjs.org/errno/-/errno-0.1.7.tgz",
      "integrity": "sha512-MfrRBDWzIWifgq6tJj60gkAwtLNb6sQPlcFrSOflcP1aFmmruKQ2wRnze/8V6kgyz7H3FF8Npzv78mZ7XLLflg==",
      "requires": {
        "prr": "~1.0.1"
      }
    },
    "ethers": {
      "version": "4.0.47",
      "resolved": "https://registry.npmjs.org/ethers/-/ethers-4.0.47.tgz",
      "integrity": "sha512-hssRYhngV4hiDNeZmVU/k5/E8xmLG8UpcNUzg6mb7lqhgpFPH/t7nuv20RjRrEf0gblzvi2XwR5Te+V3ZFc9pQ==",
      "requires": {
        "aes-js": "3.0.0",
        "bn.js": "^4.4.0",
        "elliptic": "6.5.2",
        "hash.js": "1.1.3",
        "js-sha3": "0.5.7",
        "scrypt-js": "2.0.4",
        "setimmediate": "1.0.4",
        "uuid": "2.0.1",
        "xmlhttprequest": "1.8.0"
      },
      "dependencies": {
        "js-sha3": {
          "version": "0.5.7",
          "resolved": "https://registry.npmjs.org/js-sha3/-/js-sha3-0.5.7.tgz",
          "integrity": "sha1-DU/9gALVMzqrr0oj7tL2N0yfKOc="
        }
      }
    },
    "eventemitter3": {
      "version": "4.0.4",
      "resolved": "https://registry.npmjs.org/eventemitter3/-/eventemitter3-4.0.4.tgz",
      "integrity": "sha512-rlaVLnVxtxvoyLsQQFBx53YmXHDxRIzzTLbdfxqi4yocpSjAxXwkU0cScM5JgSKMqEhrZpnvQ2D9gjylR0AimQ=="
    },
    "evp_bytestokey": {
      "version": "1.0.3",
      "resolved": "https://registry.npmjs.org/evp_bytestokey/-/evp_bytestokey-1.0.3.tgz",
      "integrity": "sha512-/f2Go4TognH/KvCISP7OUsHn85hT9nUkxxA9BEWxFn+Oj9o8ZNLm/40hdlgSLyuOimsrTKLUMEorQexp/aPQeA==",
      "requires": {
        "md5.js": "^1.3.4",
        "safe-buffer": "^5.1.1"
      }
    },
    "fast-fifo": {
      "version": "1.0.0",
      "resolved": "https://registry.npmjs.org/fast-fifo/-/fast-fifo-1.0.0.tgz",
      "integrity": "sha512-4VEXmjxLj7sbs8J//cn2qhRap50dGzF5n8fjay8mau+Jn4hxSeR3xPFwxMaQq/pDaq7+KQk0PAbC2+nWDkJrmQ=="
    },
    "file-uri-to-path": {
      "version": "1.0.0",
      "resolved": "https://registry.npmjs.org/file-uri-to-path/-/file-uri-to-path-1.0.0.tgz",
      "integrity": "sha512-0Zt+s3L7Vf1biwWZ29aARiVYLx7iMGnEUl9x33fbB/j3jR81u/O2LbqK+Bm1CDSNDKVtJ/YjwY7TUd5SkeLQLw=="
    },
    "get-iterator": {
      "version": "1.0.2",
      "resolved": "https://registry.npmjs.org/get-iterator/-/get-iterator-1.0.2.tgz",
      "integrity": "sha512-v+dm9bNVfOYsY1OrhaCrmyOcYoSeVvbt+hHZ0Au+T+p1y+0Uyj9aMaGIeUTT6xdpRbWzDeYKvfOslPhggQMcsg=="
    },
    "hash-base": {
      "version": "3.1.0",
      "resolved": "https://registry.npmjs.org/hash-base/-/hash-base-3.1.0.tgz",
      "integrity": "sha512-1nmYp/rhMDiE7AYkDw+lLwlAzz0AntGIe51F3RfFfEqyQ3feY2eI/NcwC6umIQVOASPMsWJLJScWKSSvzL9IVA==",
      "requires": {
        "inherits": "^2.0.4",
        "readable-stream": "^3.6.0",
        "safe-buffer": "^5.2.0"
      },
      "dependencies": {
        "readable-stream": {
          "version": "3.6.0",
          "resolved": "https://registry.npmjs.org/readable-stream/-/readable-stream-3.6.0.tgz",
          "integrity": "sha512-BViHy7LKeTz4oNnkcLJ+lVSL6vpiFeX6/d3oSH8zCW7UxP2onchk+vTGB143xuFjHS3deTgkKoXXymXqymiIdA==",
          "requires": {
            "inherits": "^2.0.3",
            "string_decoder": "^1.1.1",
            "util-deprecate": "^1.0.1"
          }
        }
      }
    },
    "hash.js": {
      "version": "1.1.3",
      "resolved": "https://registry.npmjs.org/hash.js/-/hash.js-1.1.3.tgz",
      "integrity": "sha512-/UETyP0W22QILqS+6HowevwhEFJ3MBJnwTf75Qob9Wz9t0DPuisL8kW8YZMK62dHAKE1c1p+gY1TtOLY+USEHA==",
      "requires": {
        "inherits": "^2.0.3",
        "minimalistic-assert": "^1.0.0"
      }
    },
    "hmac-drbg": {
      "version": "1.0.1",
      "resolved": "https://registry.npmjs.org/hmac-drbg/-/hmac-drbg-1.0.1.tgz",
      "integrity": "sha1-0nRXAQJabHdabFRXk+1QL8DGSaE=",
      "requires": {
        "hash.js": "^1.0.3",
        "minimalistic-assert": "^1.0.0",
        "minimalistic-crypto-utils": "^1.0.1"
      }
    },
    "ieee754": {
      "version": "1.1.13",
      "resolved": "https://registry.npmjs.org/ieee754/-/ieee754-1.1.13.tgz",
      "integrity": "sha512-4vf7I2LYV/HaWerSo3XmlMkp5eZ83i+/CDluXi/IGTs/O1sejBNhTtnxzmRZfvOUqj7lZjqHkeTvpgSFDlWZTg=="
    },
    "immediate": {
      "version": "3.2.3",
      "resolved": "https://registry.npmjs.org/immediate/-/immediate-3.2.3.tgz",
      "integrity": "sha1-0UD6j2FGWb1lQSMwl92qwlzdmRw="
    },
    "indent-string": {
      "version": "4.0.0",
      "resolved": "https://registry.npmjs.org/indent-string/-/indent-string-4.0.0.tgz",
      "integrity": "sha512-EdDDZu4A2OyIK7Lr/2zG+w5jmbuk1DVBnEwREQvBzspBJkCEbRa8GxU1lghYcaGJCnRWibjDXlq779X1/y5xwg=="
    },
    "inherits": {
      "version": "2.0.4",
      "resolved": "https://registry.npmjs.org/inherits/-/inherits-2.0.4.tgz",
      "integrity": "sha512-k/vGaX4/Yla3WzyMCvTQOXYeIHvqOKtnqBduzTHpzpQZzAskKMhZ2K+EnBiSM9zGSoIFeMpXKxa4dYeZIQqewQ=="
    },
    "ipfs-log": {
      "version": "4.6.1",
      "resolved": "https://registry.npmjs.org/ipfs-log/-/ipfs-log-4.6.1.tgz",
      "integrity": "sha512-jcmubdL0hhhIyGb25lFU8rz0UtNai5iA5LbJimB92UDBOk6mnqy6mY7p8YdVl+B8gPIVPxODDbeSyfi7Ow7YCQ==",
      "requires": {
        "json-stringify-deterministic": "^1.0.1",
        "multihashing-async": "^0.7.0",
        "orbit-db-identity-provider": "~0.3.0",
        "orbit-db-io": "~0.2.0",
        "p-do-whilst": "^1.1.0",
        "p-each-series": "^2.1.0",
        "p-map": "^1.1.1",
        "p-whilst": "^1.0.0"
      },
      "dependencies": {
        "p-each-series": {
          "version": "2.1.0",
          "resolved": "https://registry.npmjs.org/p-each-series/-/p-each-series-2.1.0.tgz",
          "integrity": "sha512-ZuRs1miPT4HrjFa+9fRfOFXxGJfORgelKV9f9nNOWw2gl6gVsRaVDOQP0+MI0G0wGKns1Yacsu0GjOFbTK0JFQ=="
        },
        "p-map": {
          "version": "1.2.0",
          "resolved": "https://registry.npmjs.org/p-map/-/p-map-1.2.0.tgz",
          "integrity": "sha512-r6zKACMNhjPJMTl8KcFH4li//gkrXWfbD6feV8l6doRHlzljFWGJ2AP6iKaCJXyZmAUMOPtvbW7EXkbWO/pLEA=="
        }
      }
    },
    "ipld-dag-pb": {
      "version": "0.18.5",
      "resolved": "https://registry.npmjs.org/ipld-dag-pb/-/ipld-dag-pb-0.18.5.tgz",
      "integrity": "sha512-8IAPZrkRjgTpkxV9JOwXSBe0GXNxd4B2lubPgbifTGL92rZOEKWutpijsWsWvjXOltDFHKMQIIIhkgLC5RPqbA==",
      "requires": {
        "buffer": "^5.6.0",
        "cids": "~0.8.0",
        "class-is": "^1.1.0",
        "multicodec": "^1.0.1",
        "multihashing-async": "~0.8.1",
        "protons": "^1.0.2",
        "stable": "^0.1.8"
      },
      "dependencies": {
        "cids": {
          "version": "0.8.1",
          "resolved": "https://registry.npmjs.org/cids/-/cids-0.8.1.tgz",
          "integrity": "sha512-bs9hGUYHzsclGSt4ipi6SRUBIWYpuEHhd2uPc5hUatNQl6y5mFr+6JvJtN3fGUiNZNohc7rkY6OpXamwj6PQeg==",
          "requires": {
            "buffer": "^5.5.0",
            "class-is": "^1.1.0",
            "multibase": "~0.7.0",
            "multicodec": "^1.0.1",
            "multihashes": "~0.4.17"
          }
        },
        "err-code": {
          "version": "2.0.0",
          "resolved": "https://registry.npmjs.org/err-code/-/err-code-2.0.0.tgz",
          "integrity": "sha512-MsMOijQ4v0xlmrz1fc7lyPEy7jFhoNF7EVaRSP7mPzs20LaFOwG6qNjGRy3Ie85n9DARlcUnB1zbsBv5sJrIvw=="
        },
        "multihashing-async": {
          "version": "0.8.1",
          "resolved": "https://registry.npmjs.org/multihashing-async/-/multihashing-async-0.8.1.tgz",
          "integrity": "sha512-qu3eIXHebc9a4OU4n/60BdZLFpX+/dGBs3DbzXCxX1aU0rFF19KQAiGl+sRL9wvKIJdeF2+w16RRJrpyTHpkkA==",
          "requires": {
            "blakejs": "^1.1.0",
            "buffer": "^5.4.3",
            "err-code": "^2.0.0",
            "js-sha3": "~0.8.0",
            "multihashes": "~0.4.15",
            "murmurhash3js-revisited": "^3.0.0"
          }
        }
      }
    },
    "is-promise": {
      "version": "1.0.1",
      "resolved": "https://registry.npmjs.org/is-promise/-/is-promise-1.0.1.tgz",
      "integrity": "sha1-MVc3YcBX4zwukaq56W2gjO++duU="
    },
    "is-typedarray": {
      "version": "1.0.0",
      "resolved": "https://registry.npmjs.org/is-typedarray/-/is-typedarray-1.0.0.tgz",
      "integrity": "sha1-5HnICFjfDBsR3dppQPlgEfzaSpo="
    },
    "isarray": {
      "version": "1.0.0",
      "resolved": "https://registry.npmjs.org/isarray/-/isarray-1.0.0.tgz",
      "integrity": "sha1-u5NdSFgsuhaMBoNJV6VKPgcSTxE="
    },
    "iso-random-stream": {
      "version": "1.1.1",
      "resolved": "https://registry.npmjs.org/iso-random-stream/-/iso-random-stream-1.1.1.tgz",
      "integrity": "sha512-YEt/7xOwTdu4KXIgtdgGFkiLUsBaddbnkmHyaFdjJYIcD7V4gpQHPvYC5tyh3kA0PQ01y9lWm1ruVdf8Mqzovg==",
      "requires": {
        "buffer": "^5.4.3",
        "readable-stream": "^3.4.0"
      },
      "dependencies": {
        "readable-stream": {
          "version": "3.6.0",
          "resolved": "https://registry.npmjs.org/readable-stream/-/readable-stream-3.6.0.tgz",
          "integrity": "sha512-BViHy7LKeTz4oNnkcLJ+lVSL6vpiFeX6/d3oSH8zCW7UxP2onchk+vTGB143xuFjHS3deTgkKoXXymXqymiIdA==",
          "requires": {
            "inherits": "^2.0.3",
            "string_decoder": "^1.1.1",
            "util-deprecate": "^1.0.1"
          }
        }
      }
    },
    "it-all": {
      "version": "1.0.2",
      "resolved": "https://registry.npmjs.org/it-all/-/it-all-1.0.2.tgz",
      "integrity": "sha512-3hrCLLcuHS1/VUn1qETPuh9rFTw31SBCUUijjs41VJ+oQGx3H+3Lpxo1bFD3q3570w3o99a+sfRGic5PBBt3Vg=="
    },
    "it-last": {
      "version": "1.0.2",
      "resolved": "https://registry.npmjs.org/it-last/-/it-last-1.0.2.tgz",
      "integrity": "sha512-zjWiVvkDXKxGA+u2ZNzq321RWnj52RLucsIX0Bve3NUX3X/b1RjtUufvUdjtkFtQLKG1yCf5+hxbdeIYiRT1rQ=="
    },
    "it-to-stream": {
      "version": "0.1.1",
      "resolved": "https://registry.npmjs.org/it-to-stream/-/it-to-stream-0.1.1.tgz",
      "integrity": "sha512-QQx/58JBvT189imr6fD234F8aVf8EdyQHJR0MxXAOShEWK1NWyahPYIQt/tQG7PId0ZG/6/3tUiVCfw2cq+e1w==",
      "requires": {
        "buffer": "^5.2.1",
        "fast-fifo": "^1.0.0",
        "get-iterator": "^1.0.2",
        "p-defer": "^3.0.0",
        "p-fifo": "^1.0.0",
        "readable-stream": "^3.4.0"
      },
      "dependencies": {
        "readable-stream": {
          "version": "3.6.0",
          "resolved": "https://registry.npmjs.org/readable-stream/-/readable-stream-3.6.0.tgz",
          "integrity": "sha512-BViHy7LKeTz4oNnkcLJ+lVSL6vpiFeX6/d3oSH8zCW7UxP2onchk+vTGB143xuFjHS3deTgkKoXXymXqymiIdA==",
          "requires": {
            "inherits": "^2.0.3",
            "string_decoder": "^1.1.1",
            "util-deprecate": "^1.0.1"
          }
        }
      }
    },
    "js-sha3": {
      "version": "0.8.0",
      "resolved": "https://registry.npmjs.org/js-sha3/-/js-sha3-0.8.0.tgz",
      "integrity": "sha512-gF1cRrHhIzNfToc802P800N8PpXS+evLLXfsVpowqmAFR9uwbi89WvXg2QspOmXL8QL86J4T1EpFu+yUkwJY3Q=="
    },
    "json-stringify-deterministic": {
      "version": "1.0.1",
      "resolved": "https://registry.npmjs.org/json-stringify-deterministic/-/json-stringify-deterministic-1.0.1.tgz",
      "integrity": "sha512-9Fg0OY3uyzozpvJ8TVbUk09PjzhT7O2Q5kEe30g6OrKhbA/Is92igcx0XDDX7E3yAwnIlUcYLRl+ZkVrBYVP7A=="
    },
    "keypair": {
      "version": "1.0.1",
      "resolved": "https://registry.npmjs.org/keypair/-/keypair-1.0.1.tgz",
      "integrity": "sha1-dgNxknCvtlZO04oiCHoG/Jqk6hs="
    },
    "level": {
      "version": "5.0.1",
      "resolved": "https://registry.npmjs.org/level/-/level-5.0.1.tgz",
      "integrity": "sha512-wcak5OQeA4rURGacqS62R/xNHjCYnJSQDBOlm4KNUGJVE9bWv2B04TclqReYejN+oD65PzD4FsqeWoI5wNC5Lg==",
      "requires": {
        "level-js": "^4.0.0",
        "level-packager": "^5.0.0",
        "leveldown": "^5.0.0",
        "opencollective-postinstall": "^2.0.0"
      }
    },
    "level-codec": {
      "version": "9.0.1",
      "resolved": "https://registry.npmjs.org/level-codec/-/level-codec-9.0.1.tgz",
      "integrity": "sha512-ajFP0kJ+nyq4i6kptSM+mAvJKLOg1X5FiFPtLG9M5gCEZyBmgDi3FkDrvlMkEzrUn1cWxtvVmrvoS4ASyO/q+Q=="
    },
    "level-concat-iterator": {
      "version": "2.0.1",
      "resolved": "https://registry.npmjs.org/level-concat-iterator/-/level-concat-iterator-2.0.1.tgz",
      "integrity": "sha512-OTKKOqeav2QWcERMJR7IS9CUo1sHnke2C0gkSmcR7QuEtFNLLzHQAvnMw8ykvEcv0Qtkg0p7FOwP1v9e5Smdcw=="
    },
    "level-errors": {
      "version": "2.0.1",
      "resolved": "https://registry.npmjs.org/level-errors/-/level-errors-2.0.1.tgz",
      "integrity": "sha512-UVprBJXite4gPS+3VznfgDSU8PTRuVX0NXwoWW50KLxd2yw4Y1t2JUR5In1itQnudZqRMT9DlAM3Q//9NCjCFw==",
      "requires": {
        "errno": "~0.1.1"
      }
    },
    "level-iterator-stream": {
      "version": "4.0.2",
      "resolved": "https://registry.npmjs.org/level-iterator-stream/-/level-iterator-stream-4.0.2.tgz",
      "integrity": "sha512-ZSthfEqzGSOMWoUGhTXdX9jv26d32XJuHz/5YnuHZzH6wldfWMOVwI9TBtKcya4BKTyTt3XVA0A3cF3q5CY30Q==",
      "requires": {
        "inherits": "^2.0.4",
        "readable-stream": "^3.4.0",
        "xtend": "^4.0.2"
      },
      "dependencies": {
        "readable-stream": {
          "version": "3.6.0",
          "resolved": "https://registry.npmjs.org/readable-stream/-/readable-stream-3.6.0.tgz",
          "integrity": "sha512-BViHy7LKeTz4oNnkcLJ+lVSL6vpiFeX6/d3oSH8zCW7UxP2onchk+vTGB143xuFjHS3deTgkKoXXymXqymiIdA==",
          "requires": {
            "inherits": "^2.0.3",
            "string_decoder": "^1.1.1",
            "util-deprecate": "^1.0.1"
          }
        }
      }
    },
    "level-js": {
      "version": "4.0.2",
      "resolved": "https://registry.npmjs.org/level-js/-/level-js-4.0.2.tgz",
      "integrity": "sha512-PeGjZsyMG4O89KHiez1zoMJxStnkM+oBIqgACjoo5PJqFiSUUm3GNod/KcbqN5ktyZa8jkG7I1T0P2u6HN9lIg==",
      "requires": {
        "abstract-leveldown": "~6.0.1",
        "immediate": "~3.2.3",
        "inherits": "^2.0.3",
        "ltgt": "^2.1.2",
        "typedarray-to-buffer": "~3.1.5"
      }
    },
    "level-packager": {
      "version": "5.1.1",
      "resolved": "https://registry.npmjs.org/level-packager/-/level-packager-5.1.1.tgz",
      "integrity": "sha512-HMwMaQPlTC1IlcwT3+swhqf/NUO+ZhXVz6TY1zZIIZlIR0YSn8GtAAWmIvKjNY16ZkEg/JcpAuQskxsXqC0yOQ==",
      "requires": {
        "encoding-down": "^6.3.0",
        "levelup": "^4.3.2"
      },
      "dependencies": {
        "levelup": {
          "version": "4.4.0",
          "resolved": "https://registry.npmjs.org/levelup/-/levelup-4.4.0.tgz",
          "integrity": "sha512-94++VFO3qN95cM/d6eBXvd894oJE0w3cInq9USsyQzzoJxmiYzPAocNcuGCPGGjoXqDVJcr3C1jzt1TSjyaiLQ==",
          "requires": {
            "deferred-leveldown": "~5.3.0",
            "level-errors": "~2.0.0",
            "level-iterator-stream": "~4.0.0",
            "level-supports": "~1.0.0",
            "xtend": "~4.0.0"
          }
        }
      }
    },
    "level-supports": {
      "version": "1.0.1",
      "resolved": "https://registry.npmjs.org/level-supports/-/level-supports-1.0.1.tgz",
      "integrity": "sha512-rXM7GYnW8gsl1vedTJIbzOrRv85c/2uCMpiiCzO2fndd06U/kUXEEU9evYn4zFggBOg36IsBW8LzqIpETwwQzg==",
      "requires": {
        "xtend": "^4.0.2"
      }
    },
    "leveldown": {
      "version": "5.1.1",
      "resolved": "https://registry.npmjs.org/leveldown/-/leveldown-5.1.1.tgz",
      "integrity": "sha512-4n2R/vEA/sssh5TKtFwM9gshW2tirNoURLqekLRUUzuF+eUBLFAufO8UW7bz8lBbG2jw8tQDF3LC+LcUCc12kg==",
      "requires": {
        "abstract-leveldown": "~6.0.3",
        "napi-macros": "~1.8.1",
        "node-gyp-build": "~4.1.0"
      }
    },
    "levelup": {
      "version": "4.1.0",
      "resolved": "https://registry.npmjs.org/levelup/-/levelup-4.1.0.tgz",
      "integrity": "sha512-+Qhe2/jb5affN7BeFgWUUWVdYoGXO2nFS3QLEZKZynnQyP9xqA+7wgOz3fD8SST2UKpHQuZgjyJjTcB2nMl2dQ==",
      "requires": {
        "deferred-leveldown": "~5.1.0",
        "level-errors": "~2.0.0",
        "level-iterator-stream": "~4.0.0",
        "xtend": "~4.0.0"
      },
      "dependencies": {
        "deferred-leveldown": {
          "version": "5.1.0",
          "resolved": "https://registry.npmjs.org/deferred-leveldown/-/deferred-leveldown-5.1.0.tgz",
          "integrity": "sha512-PvDY+BT2ONu2XVRgxHb77hYelLtMYxKSGuWuJJdVRXh9ntqx9GYTFJno/SKAz5xcd+yjQwyQeIZrUPjPvA52mg==",
          "requires": {
            "abstract-leveldown": "~6.0.0",
            "inherits": "^2.0.3"
          }
        }
      }
    },
    "libp2p-crypto": {
      "version": "0.16.3",
      "resolved": "https://registry.npmjs.org/libp2p-crypto/-/libp2p-crypto-0.16.3.tgz",
      "integrity": "sha512-ro7/5Tu+f8p2+qDS1JrROnO++nNaAaBFs+VVXVHLuTMnbnMASu1eUtSlWPk1uOwikAlBFTvfqe5J1bK6Bpq6Pg==",
      "requires": {
        "asmcrypto.js": "^2.3.2",
        "asn1.js": "^5.0.1",
        "async": "^2.6.1",
        "bn.js": "^4.11.8",
        "browserify-aes": "^1.2.0",
        "bs58": "^4.0.1",
        "iso-random-stream": "^1.1.0",
        "keypair": "^1.0.1",
        "libp2p-crypto-secp256k1": "~0.3.0",
        "multihashing-async": "~0.5.1",
        "node-forge": "~0.9.1",
        "pem-jwk": "^2.0.0",
        "protons": "^1.0.1",
        "rsa-pem-to-jwk": "^1.1.3",
        "tweetnacl": "^1.0.0",
        "ursa-optional": "~0.10.0"
      },
      "dependencies": {
        "multihashing-async": {
          "version": "0.5.2",
          "resolved": "https://registry.npmjs.org/multihashing-async/-/multihashing-async-0.5.2.tgz",
          "integrity": "sha512-mmyG6M/FKxrpBh9xQDUvuJ7BbqT93ZeEeH5X6LeMYKoYshYLr9BDdCsvDtZvn+Egf+/Xi+aOznrWL4vp3s+p0Q==",
          "requires": {
            "blakejs": "^1.1.0",
            "js-sha3": "~0.8.0",
            "multihashes": "~0.4.13",
            "murmurhash3js": "^3.0.1",
            "nodeify": "^1.0.1"
          }
        }
      }
    },
    "libp2p-crypto-secp256k1": {
      "version": "0.3.1",
      "resolved": "https://registry.npmjs.org/libp2p-crypto-secp256k1/-/libp2p-crypto-secp256k1-0.3.1.tgz",
      "integrity": "sha512-evrfK/CeUSd/lcELUdDruyPBvxDmLairth75S32OLl3H+++2m2fV24JEtxzdFS9JH3xEFw0h6JFO8DBa1bP9dA==",
      "requires": {
        "async": "^2.6.2",
        "bs58": "^4.0.1",
        "multihashing-async": "~0.6.0",
        "nodeify": "^1.0.1",
        "safe-buffer": "^5.1.2",
        "secp256k1": "^3.6.2"
      },
      "dependencies": {
        "multihashing-async": {
          "version": "0.6.0",
          "resolved": "https://registry.npmjs.org/multihashing-async/-/multihashing-async-0.6.0.tgz",
          "integrity": "sha512-Qv8pgg99Lewc191A5nlXy0bSd2amfqlafNJZmarU6Sj7MZVjpR94SCxQjf4DwPtgWZkiLqsjUQBXA2RSq+hYyA==",
          "requires": {
            "blakejs": "^1.1.0",
            "js-sha3": "~0.8.0",
            "multihashes": "~0.4.13",
            "murmurhash3js": "^3.0.1",
            "nodeify": "^1.0.1"
          }
        }
      }
    },
    "lodash": {
      "version": "4.17.15",
      "resolved": "https://registry.npmjs.org/lodash/-/lodash-4.17.15.tgz",
      "integrity": "sha512-8xOcRHvCjnocdS5cpwXQXVzmmh5e5+saE2QGoeQmbKmRS6J3VQppPOIt0MnmE+4xlZoumy0GPG0D0MVIQbNA1A=="
    },
    "logplease": {
      "version": "1.2.15",
      "resolved": "https://registry.npmjs.org/logplease/-/logplease-1.2.15.tgz",
      "integrity": "sha512-jLlHnlsPSJjpwUfcNyUxXCl33AYg2cHhIf9QhGL2T4iPT0XPB+xP1LRKFPgIg1M/sg9kAJvy94w9CzBNrfnstA=="
    },
    "lru": {
      "version": "3.1.0",
      "resolved": "https://registry.npmjs.org/lru/-/lru-3.1.0.tgz",
      "integrity": "sha1-6n+4VG2DczOWoTCR12z+tMBoN9U=",
      "requires": {
        "inherits": "^2.0.1"
      }
    },
    "ltgt": {
      "version": "2.2.1",
      "resolved": "https://registry.npmjs.org/ltgt/-/ltgt-2.2.1.tgz",
      "integrity": "sha1-81ypHEk/e3PaDgdJUwTxezH4fuU="
    },
    "md5.js": {
      "version": "1.3.5",
      "resolved": "https://registry.npmjs.org/md5.js/-/md5.js-1.3.5.tgz",
      "integrity": "sha512-xitP+WxNPcTTOgnTJcrhM0xvdPepipPSf3I8EIpGKeFLjt3PlJLIDG3u8EX53ZIubkb+5U2+3rELYpEhHhzdkg==",
      "requires": {
        "hash-base": "^3.0.0",
        "inherits": "^2.0.1",
        "safe-buffer": "^5.1.2"
      }
    },
    "minimalistic-assert": {
      "version": "1.0.1",
      "resolved": "https://registry.npmjs.org/minimalistic-assert/-/minimalistic-assert-1.0.1.tgz",
      "integrity": "sha512-UtJcAD4yEaGtjPezWuO9wC4nwUnVH/8/Im3yEHQP4b67cXlD/Qr9hdITCU1xDbSEXg2XKNaP8jsReV7vQd00/A=="
    },
    "minimalistic-crypto-utils": {
      "version": "1.0.1",
      "resolved": "https://registry.npmjs.org/minimalistic-crypto-utils/-/minimalistic-crypto-utils-1.0.1.tgz",
      "integrity": "sha1-9sAMHAsIIkblxNmd+4x8CDsrWCo="
    },
    "minimist": {
      "version": "1.2.5",
      "resolved": "https://registry.npmjs.org/minimist/-/minimist-1.2.5.tgz",
      "integrity": "sha512-FM9nNUYrRBAELZQT3xeZQ7fmMOBg6nWNmJKTcgsJeaLstP/UODVpGsr5OhXhhXg6f+qtJ8uiZ+PUxkDWcgIXLw=="
    },
    "mkdirp": {
      "version": "0.5.5",
      "resolved": "https://registry.npmjs.org/mkdirp/-/mkdirp-0.5.5.tgz",
      "integrity": "sha512-NKmAlESf6jMGym1++R0Ra7wvhV+wFW63FaSOFPwRahvea0gMUcGUhVeAg/0BC0wiv9ih5NYPB1Wn1UEI1/L+xQ==",
      "requires": {
        "minimist": "^1.2.5"
      }
    },
    "multibase": {
      "version": "0.7.0",
      "resolved": "https://registry.npmjs.org/multibase/-/multibase-0.7.0.tgz",
      "integrity": "sha512-TW8q03O0f6PNFTQDvh3xxH03c8CjGaaYrjkl9UQPG6rz53TQzzxJVCIWVjzcbN/Q5Y53Zd0IBQBMVktVgNx4Fg==",
      "requires": {
        "base-x": "^3.0.8",
        "buffer": "^5.5.0"
      }
    },
    "multicodec": {
      "version": "1.0.1",
      "resolved": "https://registry.npmjs.org/multicodec/-/multicodec-1.0.1.tgz",
      "integrity": "sha512-yrrU/K8zHyAH2B0slNVeq3AiwluflHpgQ3TAzwNJcuO2AoPyXgBT2EDkdbP1D8B/yFOY+S2hDYmFlI1vhVFkQw==",
      "requires": {
        "buffer": "^5.5.0",
        "varint": "^5.0.0"
      }
    },
    "multihashes": {
      "version": "0.4.19",
      "resolved": "https://registry.npmjs.org/multihashes/-/multihashes-0.4.19.tgz",
      "integrity": "sha512-ej74GAfA20imjj00RO5h34aY3pGUFyzn9FJZFWwdeUHlHTkKmv90FrNpvYT4jYf1XXCy5O/5EjVnxTaESgOM6A==",
      "requires": {
        "buffer": "^5.5.0",
        "multibase": "^0.7.0",
        "varint": "^5.0.0"
      }
    },
    "multihashing-async": {
      "version": "0.7.0",
      "resolved": "https://registry.npmjs.org/multihashing-async/-/multihashing-async-0.7.0.tgz",
      "integrity": "sha512-SCbfl3f+DzJh+/5piukga9ofIOxwfT05t8R4jfzZIJ88YE9zU9+l3K2X+XB19MYyxqvyK9UJRNWbmQpZqQlbRA==",
      "requires": {
        "blakejs": "^1.1.0",
        "buffer": "^5.2.1",
        "err-code": "^1.1.2",
        "js-sha3": "~0.8.0",
        "multihashes": "~0.4.13",
        "murmurhash3js-revisited": "^3.0.0"
      }
    },
    "murmurhash3js": {
      "version": "3.0.1",
      "resolved": "https://registry.npmjs.org/murmurhash3js/-/murmurhash3js-3.0.1.tgz",
      "integrity": "sha1-Ppg+W0fCoG9DpxMXTn5DXKBEuZg="
    },
    "murmurhash3js-revisited": {
      "version": "3.0.0",
      "resolved": "https://registry.npmjs.org/murmurhash3js-revisited/-/murmurhash3js-revisited-3.0.0.tgz",
      "integrity": "sha512-/sF3ee6zvScXMb1XFJ8gDsSnY+X8PbOyjIuBhtgis10W2Jx4ZjIhikUCIF9c4gpJxVnQIsPAFrSwTCuAjicP6g=="
    },
    "nan": {
      "version": "2.14.1",
      "resolved": "https://registry.npmjs.org/nan/-/nan-2.14.1.tgz",
      "integrity": "sha512-isWHgVjnFjh2x2yuJ/tj3JbwoHu3UC2dX5G/88Cm24yB6YopVgxvBObDY7n5xW6ExmFhJpSEQqFPvq9zaXc8Jw=="
    },
    "napi-macros": {
      "version": "1.8.2",
      "resolved": "https://registry.npmjs.org/napi-macros/-/napi-macros-1.8.2.tgz",
      "integrity": "sha512-Tr0DNY4RzTaBG2W2m3l7ZtFuJChTH6VZhXVhkGGjF/4cZTt+i8GcM9ozD+30Lmr4mDoZ5Xx34t2o4GJqYWDGcg=="
    },
    "node-forge": {
      "version": "0.9.1",
      "resolved": "https://registry.npmjs.org/node-forge/-/node-forge-0.9.1.tgz",
      "integrity": "sha512-G6RlQt5Sb4GMBzXvhfkeFmbqR6MzhtnT7VTHuLadjkii3rdYHNdw0m8zA4BTxVIh68FicCQ2NSUANpsqkr9jvQ=="
    },
    "node-gyp-build": {
      "version": "4.1.1",
      "resolved": "https://registry.npmjs.org/node-gyp-build/-/node-gyp-build-4.1.1.tgz",
      "integrity": "sha512-dSq1xmcPDKPZ2EED2S6zw/b9NKsqzXRE6dVr8TVQnI3FJOTteUMuqF3Qqs6LZg+mLGYJWqQzMbIjMtJqTv87nQ=="
    },
    "nodeify": {
      "version": "1.0.1",
      "resolved": "https://registry.npmjs.org/nodeify/-/nodeify-1.0.1.tgz",
      "integrity": "sha1-ZKtpp7268DzhB7TwM1yHwLnpGx0=",
      "requires": {
        "is-promise": "~1.0.0",
        "promise": "~1.3.0"
      }
    },
    "object-assign": {
      "version": "2.1.1",
      "resolved": "https://registry.npmjs.org/object-assign/-/object-assign-2.1.1.tgz",
      "integrity": "sha1-Q8NuXVaf+OSBbE76i+AtJpZ8GKo="
    },
    "opencollective-postinstall": {
      "version": "2.0.2",
      "resolved": "https://registry.npmjs.org/opencollective-postinstall/-/opencollective-postinstall-2.0.2.tgz",
      "integrity": "sha512-pVOEP16TrAO2/fjej1IdOyupJY8KDUM1CvsaScRbw6oddvpQoOfGk4ywha0HKKVAD6RkW4x6Q+tNBwhf3Bgpuw=="
    },
    "optimist": {
      "version": "0.3.7",
      "resolved": "https://registry.npmjs.org/optimist/-/optimist-0.3.7.tgz",
      "integrity": "sha1-yQlBrVnkJzMokjB00s8ufLxuwNk=",
      "requires": {
        "wordwrap": "~0.0.2"
      }
    },
    "orbit-db-identity-provider": {
      "version": "0.3.0",
      "resolved": "https://registry.npmjs.org/orbit-db-identity-provider/-/orbit-db-identity-provider-0.3.0.tgz",
      "integrity": "sha512-RQJTdtHQWRCOTiGIRMiMJ0xvx7W6bAIekEnQolTA8ex1/TLpXCkTl18z89fGFbmcqaoOuLPN7qbd8grX48kloA==",
      "requires": {
        "ethers": "^4.0.20",
        "orbit-db-keystore": "~0.3.4"
      }
    },
    "orbit-db-io": {
      "version": "0.2.0",
      "resolved": "https://registry.npmjs.org/orbit-db-io/-/orbit-db-io-0.2.0.tgz",
      "integrity": "sha512-wOunD4ZRgtTsAXJEu9NNEeJ8s98tZTtFlrLiI/ThuDKBy4AwpIvr+vMkzMD0DMSUTurRtK+xz7AfkP0nd9bcxQ==",
      "requires": {
        "cids": "^0.7.1",
        "ipld-dag-pb": "^0.18.1"
      }
    },
    "orbit-db-keystore": {
      "version": "0.3.4",
      "resolved": "https://registry.npmjs.org/orbit-db-keystore/-/orbit-db-keystore-0.3.4.tgz",
      "integrity": "sha512-TcTGxHrBBOe1lv5K/I21UDGJghzMMhO7gbFURzFtEnV+ar0P09kP1q4WzML8B96SJnROMP2aTO8VY3jeLLK8Lg==",
      "requires": {
        "elliptic": "^6.4.1",
        "level": "~5.0.1",
        "leveldown": "~5.1.1",
        "levelup": "~4.1.0",
        "libp2p-crypto": "^0.16.0",
        "libp2p-crypto-secp256k1": "^0.3.0",
        "lru": "^3.1.0",
        "mkdirp": "^0.5.1",
        "safe-buffer": "^5.1.2"
      }
    },
    "orbit-db-store": {
      "version": "3.3.0",
      "resolved": "https://registry.npmjs.org/orbit-db-store/-/orbit-db-store-3.3.0.tgz",
      "integrity": "sha512-3+f/GtzeLyxJ/2CJb/0gyOFS9UvDBBAS+/vKyJR9ZvE3AfPI4ffraMBkedp5MZjsb4Hqr0q5wdkB7vu1hxWunw==",
      "requires": {
        "ipfs-log": "~4.6.0",
        "it-to-stream": "^0.1.1",
        "logplease": "^1.2.14",
        "orbit-db-io": "~0.2.0",
        "p-each-series": "^1.0.0",
        "p-map": "^3.0.0",
        "p-queue": "^6.2.1",
        "readable-stream": "~2.3.5"
      }
    },
    "p-defer": {
      "version": "3.0.0",
      "resolved": "https://registry.npmjs.org/p-defer/-/p-defer-3.0.0.tgz",
      "integrity": "sha512-ugZxsxmtTln604yeYd29EGrNhazN2lywetzpKhfmQjW/VJmhpDmWbiX+h0zL8V91R0UXkhb3KtPmyq9PZw3aYw=="
    },
    "p-do-whilst": {
      "version": "1.1.0",
      "resolved": "https://registry.npmjs.org/p-do-whilst/-/p-do-whilst-1.1.0.tgz",
      "integrity": "sha512-ntAQbyZJAqCBoTrW3M8XEn1+45wkWgoG6EKRKGCrSvMs0wBY2a3W3mY0I5OErEweFrQsTLAhIv3KN6yyujQnzQ=="
    },
    "p-each-series": {
      "version": "1.0.0",
      "resolved": "https://registry.npmjs.org/p-each-series/-/p-each-series-1.0.0.tgz",
      "integrity": "sha1-kw89Et0fUOdDRFeiLNbwSsatf3E=",
      "requires": {
        "p-reduce": "^1.0.0"
      }
    },
    "p-fifo": {
      "version": "1.0.0",
      "resolved": "https://registry.npmjs.org/p-fifo/-/p-fifo-1.0.0.tgz",
      "integrity": "sha512-IjoCxXW48tqdtDFz6fqo5q1UfFVjjVZe8TC1QRflvNUJtNfCUhxOUw6MOVZhDPjqhSzc26xKdugsO17gmzd5+A==",
      "requires": {
        "fast-fifo": "^1.0.0",
        "p-defer": "^3.0.0"
      }
    },
    "p-finally": {
      "version": "1.0.0",
      "resolved": "https://registry.npmjs.org/p-finally/-/p-finally-1.0.0.tgz",
      "integrity": "sha1-P7z7FbiZpEEjs0ttzBi3JDNqLK4="
    },
    "p-map": {
      "version": "3.0.0",
      "resolved": "https://registry.npmjs.org/p-map/-/p-map-3.0.0.tgz",
      "integrity": "sha512-d3qXVTF/s+W+CdJ5A29wywV2n8CQQYahlgz2bFiA+4eVNJbHJodPZ+/gXwPGh0bOqA+j8S+6+ckmvLGPk1QpxQ==",
      "requires": {
        "aggregate-error": "^3.0.0"
      }
    },
    "p-queue": {
      "version": "6.4.0",
      "resolved": "https://registry.npmjs.org/p-queue/-/p-queue-6.4.0.tgz",
      "integrity": "sha512-X7ddxxiQ+bLR/CUt3/BVKrGcJDNxBr0pEEFKHHB6vTPWNUhgDv36GpIH18RmGM3YGPpBT+JWGjDDqsVGuF0ERw==",
      "requires": {
        "eventemitter3": "^4.0.0",
        "p-timeout": "^3.1.0"
      }
    },
    "p-reduce": {
      "version": "1.0.0",
      "resolved": "https://registry.npmjs.org/p-reduce/-/p-reduce-1.0.0.tgz",
      "integrity": "sha1-GMKw3ZNqRpClKfgjH1ig/bakffo="
    },
    "p-timeout": {
      "version": "3.2.0",
      "resolved": "https://registry.npmjs.org/p-timeout/-/p-timeout-3.2.0.tgz",
      "integrity": "sha512-rhIwUycgwwKcP9yTOOFK/AKsAopjjCakVqLHePO3CC6Mir1Z99xT+R63jZxAT5lFZLa2inS5h+ZS2GvR99/FBg==",
      "requires": {
        "p-finally": "^1.0.0"
      }
    },
    "p-whilst": {
      "version": "1.0.0",
      "resolved": "https://registry.npmjs.org/p-whilst/-/p-whilst-1.0.0.tgz",
      "integrity": "sha1-VGaOrX+TR5n8APHlIw/Wrd645+Y="
    },
    "pem-jwk": {
      "version": "2.0.0",
      "resolved": "https://registry.npmjs.org/pem-jwk/-/pem-jwk-2.0.0.tgz",
      "integrity": "sha512-rFxu7rVoHgQ5H9YsP50dDWf0rHjreVA2z0yPiWr5WdH/UHb29hKtF7h6l8vNd1cbYR1t0QL+JKhW55a2ZV4KtA==",
      "requires": {
        "asn1.js": "^5.0.1"
      }
    },
    "process-nextick-args": {
      "version": "2.0.1",
      "resolved": "https://registry.npmjs.org/process-nextick-args/-/process-nextick-args-2.0.1.tgz",
      "integrity": "sha512-3ouUOpQhtgrbOa17J7+uxOTpITYWaGP7/AhoR3+A+/1e9skrzelGi/dXzEYyvbxubEF6Wn2ypscTKiKJFFn1ag=="
    },
    "promise": {
      "version": "1.3.0",
      "resolved": "https://registry.npmjs.org/promise/-/promise-1.3.0.tgz",
      "integrity": "sha1-5cyaTIJ45GZP/twBx9qEhCsEAXU=",
      "requires": {
        "is-promise": "~1"
      }
    },
    "protocol-buffers-schema": {
      "version": "3.4.0",
      "resolved": "https://registry.npmjs.org/protocol-buffers-schema/-/protocol-buffers-schema-3.4.0.tgz",
      "integrity": "sha512-G/2kcamPF2S49W5yaMGdIpkG6+5wZF0fzBteLKgEHjbNzqjZQ85aAs1iJGto31EJaSTkNvHs5IXuHSaTLWBAiA=="
    },
    "protons": {
      "version": "1.2.0",
      "resolved": "https://registry.npmjs.org/protons/-/protons-1.2.0.tgz",
      "integrity": "sha512-V6wwlbbgZ6qtqd1zRSk7HqvwkoadmeNntUlqd1On9vHyC1tPI6H8GJotfup+9hG2FsDQK+MctaLrSouyunfxNg==",
      "requires": {
        "buffer": "^5.5.0",
        "protocol-buffers-schema": "^3.3.1",
        "signed-varint": "^2.0.1",
        "varint": "^5.0.0"
      }
    },
    "prr": {
      "version": "1.0.1",
      "resolved": "https://registry.npmjs.org/prr/-/prr-1.0.1.tgz",
      "integrity": "sha1-0/wRS6BplaRexok/SEzrHXj19HY="
    },
    "readable-stream": {
      "version": "2.3.7",
      "resolved": "https://registry.npmjs.org/readable-stream/-/readable-stream-2.3.7.tgz",
      "integrity": "sha512-Ebho8K4jIbHAxnuxi7o42OrZgF/ZTNcsZj6nRKyUmkhLFq8CHItp/fy6hQZuZmP/n3yZ9VBUbp4zz/mX8hmYPw==",
      "requires": {
        "core-util-is": "~1.0.0",
        "inherits": "~2.0.3",
        "isarray": "~1.0.0",
        "process-nextick-args": "~2.0.0",
        "safe-buffer": "~5.1.1",
        "string_decoder": "~1.1.1",
        "util-deprecate": "~1.0.1"
      },
      "dependencies": {
        "safe-buffer": {
          "version": "5.1.2",
          "resolved": "https://registry.npmjs.org/safe-buffer/-/safe-buffer-5.1.2.tgz",
          "integrity": "sha512-Gd2UZBJDkXlY7GbJxfsE8/nvKkUEU1G38c1siN6QP6a9PT9MmHB8GnpscSmMJSoF8LOIrt8ud/wPtojys4G6+g=="
        },
        "string_decoder": {
          "version": "1.1.1",
          "resolved": "https://registry.npmjs.org/string_decoder/-/string_decoder-1.1.1.tgz",
          "integrity": "sha512-n/ShnvDi6FHbbVfviro+WojiFzv+s8MPMHBczVePfUpDJLwoLT0ht1l4YwBCbi8pJAveEEdnkHyPyTP/mzRfwg==",
          "requires": {
            "safe-buffer": "~5.1.0"
          }
        }
      }
    },
    "ripemd160": {
      "version": "2.0.2",
      "resolved": "https://registry.npmjs.org/ripemd160/-/ripemd160-2.0.2.tgz",
      "integrity": "sha512-ii4iagi25WusVoiC4B4lq7pbXfAp3D9v5CwfkY33vffw2+pkDjY1D8GaN7spsxvCSx8dkPqOZCEZyfxcmJG2IA==",
      "requires": {
        "hash-base": "^3.0.0",
        "inherits": "^2.0.1"
      }
    },
    "rsa-pem-to-jwk": {
      "version": "1.1.3",
      "resolved": "https://registry.npmjs.org/rsa-pem-to-jwk/-/rsa-pem-to-jwk-1.1.3.tgz",
      "integrity": "sha1-JF52vbfnI0z+58oDLTG1TDj6uY4=",
      "requires": {
        "object-assign": "^2.0.0",
        "rsa-unpack": "0.0.6"
      }
    },
    "rsa-unpack": {
      "version": "0.0.6",
      "resolved": "https://registry.npmjs.org/rsa-unpack/-/rsa-unpack-0.0.6.tgz",
      "integrity": "sha1-9Q69VqYoN45jHylxYQJs6atO3bo=",
      "requires": {
        "optimist": "~0.3.5"
      }
    },
    "safe-buffer": {
      "version": "5.2.1",
      "resolved": "https://registry.npmjs.org/safe-buffer/-/safe-buffer-5.2.1.tgz",
      "integrity": "sha512-rp3So07KcdmmKbGvgaNxQSJr7bGVSVk5S9Eq1F+ppbRo70+YeaDxkw5Dd8NPN+GD6bjnYm2VuPuCXmpuYvmCXQ=="
    },
    "safer-buffer": {
      "version": "2.1.2",
      "resolved": "https://registry.npmjs.org/safer-buffer/-/safer-buffer-2.1.2.tgz",
      "integrity": "sha512-YZo3K82SD7Riyi0E1EQPojLz7kpepnSQI9IyPbHHg1XXXevb5dJI7tpyN2ADxGcQbHG7vcyRHk0cbwqcQriUtg=="
    },
    "scrypt-js": {
      "version": "2.0.4",
      "resolved": "https://registry.npmjs.org/scrypt-js/-/scrypt-js-2.0.4.tgz",
      "integrity": "sha512-4KsaGcPnuhtCZQCxFxN3GVYIhKFPTdLd8PLC552XwbMndtD0cjRFAhDuuydXQ0h08ZfPgzqe6EKHozpuH74iDw=="
    },
    "secp256k1": {
      "version": "3.8.0",
      "resolved": "https://registry.npmjs.org/secp256k1/-/secp256k1-3.8.0.tgz",
      "integrity": "sha512-k5ke5avRZbtl9Tqx/SA7CbY3NF6Ro+Sj9cZxezFzuBlLDmyqPiL8hJJ+EmzD8Ig4LUDByHJ3/iPOVoRixs/hmw==",
      "requires": {
        "bindings": "^1.5.0",
        "bip66": "^1.1.5",
        "bn.js": "^4.11.8",
        "create-hash": "^1.2.0",
        "drbg.js": "^1.0.1",
        "elliptic": "^6.5.2",
        "nan": "^2.14.0",
        "safe-buffer": "^5.1.2"
      }
    },
    "setimmediate": {
      "version": "1.0.4",
      "resolved": "https://registry.npmjs.org/setimmediate/-/setimmediate-1.0.4.tgz",
      "integrity": "sha1-IOgd5iLUoCWIzgyNqJc8vPHTE48="
    },
    "sha.js": {
      "version": "2.4.11",
      "resolved": "https://registry.npmjs.org/sha.js/-/sha.js-2.4.11.tgz",
      "integrity": "sha512-QMEp5B7cftE7APOjk5Y6xgrbWu+WkLVQwk8JNjZ8nKRciZaByEW6MubieAiToS7+dwvrjGhH8jRXz3MVd0AYqQ==",
      "requires": {
        "inherits": "^2.0.1",
        "safe-buffer": "^5.0.1"
      }
    },
    "signed-varint": {
      "version": "2.0.1",
      "resolved": "https://registry.npmjs.org/signed-varint/-/signed-varint-2.0.1.tgz",
      "integrity": "sha1-UKmYnafJjCxh2tEZvJdHDvhSgSk=",
      "requires": {
        "varint": "~5.0.0"
      }
    },
    "stable": {
      "version": "0.1.8",
      "resolved": "https://registry.npmjs.org/stable/-/stable-0.1.8.tgz",
      "integrity": "sha512-ji9qxRnOVfcuLDySj9qzhGSEFVobyt1kIOSkj1qZzYLzq7Tos/oUUWvotUPQLlrsidqsK6tBH89Bc9kL5zHA6w=="
    },
    "string_decoder": {
      "version": "1.3.0",
      "resolved": "https://registry.npmjs.org/string_decoder/-/string_decoder-1.3.0.tgz",
      "integrity": "sha512-hkRX8U1WjJFd8LsDJ2yQ/wWWxaopEsABU1XfkM8A+j0+85JAGppt16cr1Whg6KIbb4okU6Mql6BOj+uup/wKeA==",
      "requires": {
        "safe-buffer": "~5.2.0"
      }
    },
    "tweetnacl": {
      "version": "1.0.3",
      "resolved": "https://registry.npmjs.org/tweetnacl/-/tweetnacl-1.0.3.tgz",
      "integrity": "sha512-6rt+RN7aOi1nGMyC4Xa5DdYiukl2UWCbcJft7YhxReBGQD7OAM8Pbxw6YMo4r2diNEA8FEmu32YOn9rhaiE5yw=="
    },
    "typedarray-to-buffer": {
      "version": "3.1.5",
      "resolved": "https://registry.npmjs.org/typedarray-to-buffer/-/typedarray-to-buffer-3.1.5.tgz",
      "integrity": "sha512-zdu8XMNEDepKKR+XYOXAVPtWui0ly0NtohUscw+UmaHiAWT8hrV1rr//H6V+0DvJ3OQ19S979M0laLfX8rm82Q==",
      "requires": {
        "is-typedarray": "^1.0.0"
      }
    },
    "ursa-optional": {
      "version": "0.10.1",
      "resolved": "https://registry.npmjs.org/ursa-optional/-/ursa-optional-0.10.1.tgz",
      "integrity": "sha512-/pgpBXVJut57dHNrdGF+1/qXi+5B7JrlmZDWPSyoivEcbwFWRZJBJGkWb6ivknMBA3bnFA7lqsb6iHiFfp79QQ==",
      "requires": {
        "bindings": "^1.5.0",
        "nan": "^2.14.0"
      }
    },
    "util-deprecate": {
      "version": "1.0.2",
      "resolved": "https://registry.npmjs.org/util-deprecate/-/util-deprecate-1.0.2.tgz",
      "integrity": "sha1-RQ1Nyfpw3nMnYvvS1KKJgUGaDM8="
    },
    "uuid": {
      "version": "2.0.1",
      "resolved": "https://registry.npmjs.org/uuid/-/uuid-2.0.1.tgz",
      "integrity": "sha1-wqMN7bPlNdcsz4LjQ5QaULqFM6w="
    },
    "varint": {
      "version": "5.0.0",
      "resolved": "https://registry.npmjs.org/varint/-/varint-5.0.0.tgz",
      "integrity": "sha1-2Ca4n3SQcy+rwMDtaT7Uddyynr8="
    },
    "wordwrap": {
      "version": "0.0.3",
      "resolved": "https://registry.npmjs.org/wordwrap/-/wordwrap-0.0.3.tgz",
      "integrity": "sha1-o9XabNXAvAAI03I0u68b7WMFkQc="
    },
    "xmlhttprequest": {
      "version": "1.8.0",
      "resolved": "https://registry.npmjs.org/xmlhttprequest/-/xmlhttprequest-1.8.0.tgz",
      "integrity": "sha1-Z/4HXFwk/vOfnWX197f+dRcZaPw="
    },
    "xtend": {
      "version": "4.0.2",
      "resolved": "https://registry.npmjs.org/xtend/-/xtend-4.0.2.tgz",
      "integrity": "sha512-LKYU1iAXJXUgAXn9URjiu+MWhyUXHsvfp7mcuYm9dSUKK0/CjtrUwFAxD82/mCWbtLsGjFIad0wIsod4zrTAEQ=="
    }
  }
}
